# Generated by stackchain — do not edit by hand.
# Tracks the last applied stack so upgrade / migrate can evolve the project.
package_version: "1.1.1"
fingerprint: "feature_first|bloc|go_router|get_it|dio|shared_preferences+secure_storage|false|false"
architecture: feature_first
state_management: bloc
routing: go_router
di: get_it
network: dio
updated_at: "2026-07-27T04:54:27.172255Z"
features:
  - home
